{
  "name": "package-test",
  "version": "1.0.0",
  "lockfileVersion": 3,
  "requires": true,
  "packages": {
    "": {
      "name": "package-test",
      "version": "1.0.0",
      "license": "ISC",
      "dependencies": {
        "report-studio": "file:../report-studio-0.0.1.tgz"
      }
    },
    "node_modules/report-studio": {
      "version": "0.0.1",
      "resolved": "file:../report-studio-0.0.1.tgz",
      "integrity": "sha512-+uuC2tCB+sjmNxLVcgp8hrTEi94tWxVyZHx5Z7lCWXl62TD5C3xkOJZYOosA3p4C0sGfXeCJQSoLK0OA9NV54A==",
      "license": "MIT",
      "bin": {
        "report-studio": "src/cli/index.js"
      },
      "engines": {
        "node": ">=18.3"
      }
    }
  }
}
